{
  "version": 4,
  "terraform_version": "1.1.7",
  "serial": 15,
  "lineage": "97dbde88-1f67-0122-84c3-83be927de024",
  "outputs": {},
  "resources": [
    {
      "mode": "managed",
      "type": "aws_iam_instance_profile",
      "name": "nginx-web-server",
      "provider": "provider[\"registry.terraform.io/hashicorp/aws\"]",
      "instances": [
        {
          "schema_version": 0,
          "attributes": {
            "arn": "arn:aws:iam::812716212234:instance-profile/nginx-web-server",
            "create_date": "2022-06-15T10:11:17Z",
            "id": "nginx-web-server",
            "name": "nginx-web-server",
            "name_prefix": null,
            "path": "/",
            "role": "nginx-web-server",
            "tags": null,
            "tags_all": {},
            "unique_id": "AIPA32ONJIAFMDNRUXY4C"
          },
          "sensitive_attributes": [],
          "private": "bnVsbA==",
          "dependencies": [
            "aws_iam_policy.ecr-access",
            "aws_iam_role.nginx-web-server"
          ]
        }
      ]
    },
    {
      "mode": "managed",
      "type": "aws_iam_policy",
      "name": "ec2-access",
      "provider": "provider[\"registry.terraform.io/hashicorp/aws\"]",
      "instances": [
        {
          "schema_version": 0,
          "attributes": {
            "arn": "arn:aws:iam::812716212234:policy/ec2-reboot-access",
            "description": "",
            "id": "arn:aws:iam::812716212234:policy/ec2-reboot-access",
            "name": "ec2-reboot-access",
            "name_prefix": null,
            "path": "/",
            "policy": "{\"Statement\":[{\"Action\":[\"ec2:RebootInstances\",\"ec2:StartInstances\",\"ec2:StopInstances\"],\"Effect\":\"Allow\",\"Resource\":\"*\"}],\"Version\":\"2012-10-17\"}",
            "policy_id": "ANPA32ONJIAFIXTJC4Y23",
            "tags": null,
            "tags_all": {}
          },
          "sensitive_attributes": [],
          "private": "bnVsbA=="
        }
      ]
    },
    {
      "mode": "managed",
      "type": "aws_iam_policy",
      "name": "ecr-access",
      "provider": "provider[\"registry.terraform.io/hashicorp/aws\"]",
      "instances": [
        {
          "schema_version": 0,
          "attributes": {
            "arn": "arn:aws:iam::812716212234:policy/ecr-access",
            "description": "",
            "id": "arn:aws:iam::812716212234:policy/ecr-access",
            "name": "ecr-access",
            "name_prefix": null,
            "path": "/",
            "policy": "{\"Statement\":[{\"Action\":[\"ecr:GetAuthorizationToken\",\"ecr:BatchCheckLayerAvailability\",\"ecr:GetDownloadUrlForLayer\",\"ecr:GetRepositoryPolicy\",\"ecr:DescribeRepositories\",\"ecr:ListImages\",\"ecr:DescribeImages\",\"ecr:BatchGetImage\",\"ecr:GetLifecyclePolicy\",\"ecr:GetLifecyclePolicyPreview\",\"ecr:ListTagsForResource\",\"ecr:DescribeImageScanFindings\",\"ecr:InitiateLayerUpload\",\"ecr:UploadLayerPart\",\"ecr:CompleteLayerUpload\",\"ecr:PutImage\"],\"Effect\":\"Allow\",\"Resource\":\"*\"}],\"Version\":\"2012-10-17\"}",
            "policy_id": "ANPA32ONJIAFB4PB5UMR4",
            "tags": null,
            "tags_all": {}
          },
          "sensitive_attributes": [],
          "private": "bnVsbA=="
        }
      ]
    },
    {
      "mode": "managed",
      "type": "aws_iam_role",
      "name": "nginx-web-server",
      "provider": "provider[\"registry.terraform.io/hashicorp/aws\"]",
      "instances": [
        {
          "schema_version": 0,
          "attributes": {
            "arn": "arn:aws:iam::812716212234:role/nginx-web-server",
            "assume_role_policy": "{\"Version\":\"2012-10-17\",\"Statement\":[{\"Sid\":\"\",\"Effect\":\"Allow\",\"Principal\":{\"Service\":\"ec2.amazonaws.com\"},\"Action\":\"sts:AssumeRole\"}]}",
            "create_date": "2022-06-15T10:11:15Z",
            "description": "",
            "force_detach_policies": false,
            "id": "nginx-web-server",
            "inline_policy": [
              {
                "name": "",
                "policy": ""
              }
            ],
            "managed_policy_arns": [
              "arn:aws:iam::812716212234:policy/ecr-access"
            ],
            "max_session_duration": 3600,
            "name": "nginx-web-server",
            "name_prefix": "",
            "path": "/",
            "permissions_boundary": null,
            "tags": null,
            "tags_all": {},
            "unique_id": "AROA32ONJIAFPLJXAHDQN"
          },
          "sensitive_attributes": [],
          "private": "bnVsbA==",
          "dependencies": [
            "aws_iam_policy.ecr-access"
          ]
        }
      ]
    },
    {
      "mode": "managed",
      "type": "aws_internet_gateway",
      "name": "nginx-web-server",
      "provider": "provider[\"registry.terraform.io/hashicorp/aws\"]",
      "instances": [
        {
          "schema_version": 0,
          "attributes": {
            "arn": "arn:aws:ec2:us-east-1:812716212234:internet-gateway/igw-08266d4f8223dad6d",
            "id": "igw-08266d4f8223dad6d",
            "owner_id": "812716212234",
            "tags": null,
            "tags_all": {},
            "vpc_id": "vpc-0d59471b67076e95b"
          },
          "sensitive_attributes": [],
          "private": "bnVsbA==",
          "dependencies": [
            "aws_vpc.nginx-web-server"
          ]
        }
      ]
    },
    {
      "mode": "managed",
      "type": "aws_key_pair",
      "name": "nginx-webserver-key",
      "provider": "provider[\"registry.terraform.io/hashicorp/aws\"]",
      "instances": [
        {
          "schema_version": 1,
          "attributes": {
            "arn": "arn:aws:ec2:us-east-1:812716212234:key-pair/nginx-webserver",
            "fingerprint": "4c:e3:d4:0b:1a:62:6a:ae:9f:37:d1:3e:be:87:a2:d1",
            "id": "nginx-webserver",
            "key_name": "nginx-webserver",
            "key_name_prefix": "",
            "key_pair_id": "key-0f44d6ad76b36c990",
            "public_key": "ssh-rsa AAAAB3NzaC1yc2EAAAADAQABAAACAQDWAc5leJEuknAqa173g6GSKjHG7asigLbf91qqwrM5R2Cmgj8LJUEycfD/JxHVYvIDurCSGZsmCy1icr7ZlS/JRaQVOwhUYD1wyghycQVbCO2J5T2/xO+kjXQTgLUFWAop8vdaZfzAQlRFr55Rb0TIWIwtP1ofMYYDUJaB+qkYyA+d1nbu9+ymkRRiGneCLdBMHKdEwzuWQFVLZsoH4EIFbSQqVREeEv3GyVurur3aNWomlaOMJ9tVlQLdeEWTw3vk6lLoZnTcyeUINhcRbmoQcyy+NuIzxXo0o9nwemAlsab/AQMEPbGSer7UiQf2eC86GXUgBXnZXVD+UoxG6K/0XbJkrFqe2ltHCp51hh/oJKVDC9vWi0RC2wWtqjX3ZwzDns+wyej1Jleb3yF5kUbPhMtX+S19UhJtHuGKhyn0mhTy/V5m3J3o+iMMFHtdUiS6VelhPnhEvXiOw1fpIIEQu54KpsHjrgnwXyQB9kkEF2/6Yo6QOS1/gCJzp4NXAgrQiOHuynpyFGJKU+yicIcLRRiUmO17mnGRRFb0QB2/21mCrMrkj1J5Z7LMZkcyFzEpLjBdxByxUJl+7L/1LraIORqyxQJQoiZsf/rJ/faV7iquA7VYCvF3/crzZ9kLIOAvhFa1vIBz/HXLT3qMhsINhA2+9WJFficZede0PcH/1w== EPAM+Maksym_Hordienko@EPUAKYIW04DF",
            "tags": null,
            "tags_all": {}
          },
          "sensitive_attributes": [],
          "private": "eyJzY2hlbWFfdmVyc2lvbiI6IjEifQ=="
        }
      ]
    },
    {
      "mode": "managed",
      "type": "aws_route_table",
      "name": "allow-outgoing-access",
      "provider": "provider[\"registry.terraform.io/hashicorp/aws\"]",
      "instances": [
        {
          "schema_version": 0,
          "attributes": {
            "arn": "arn:aws:ec2:us-east-1:812716212234:route-table/rtb-0da144299b7c5faca",
            "id": "rtb-0da144299b7c5faca",
            "owner_id": "812716212234",
            "propagating_vgws": [],
            "route": [
              {
                "carrier_gateway_id": "",
                "cidr_block": "0.0.0.0/0",
                "core_network_arn": "",
                "destination_prefix_list_id": "",
                "egress_only_gateway_id": "",
                "gateway_id": "igw-08266d4f8223dad6d",
                "instance_id": "",
                "ipv6_cidr_block": "",
                "local_gateway_id": "",
                "nat_gateway_id": "",
                "network_interface_id": "",
                "transit_gateway_id": "",
                "vpc_endpoint_id": "",
                "vpc_peering_connection_id": ""
              }
            ],
            "tags": {
              "Name": "Route Table Allowing Outgoing Access"
            },
            "tags_all": {
              "Name": "Route Table Allowing Outgoing Access"
            },
            "timeouts": null,
            "vpc_id": "vpc-0d59471b67076e95b"
          },
          "sensitive_attributes": [],
          "private": "eyJlMmJmYjczMC1lY2FhLTExZTYtOGY4OC0zNDM2M2JjN2M0YzAiOnsiY3JlYXRlIjozMDAwMDAwMDAwMDAsImRlbGV0ZSI6MzAwMDAwMDAwMDAwLCJ1cGRhdGUiOjEyMDAwMDAwMDAwMH19",
          "dependencies": [
            "aws_internet_gateway.nginx-web-server",
            "aws_vpc.nginx-web-server"
          ]
        }
      ]
    },
    {
      "mode": "managed",
      "type": "aws_route_table_association",
      "name": "nginx-web-server",
      "provider": "provider[\"registry.terraform.io/hashicorp/aws\"]",
      "instances": [
        {
          "schema_version": 0,
          "attributes": {
            "gateway_id": "",
            "id": "rtbassoc-08cfbd5f54ccb2a72",
            "route_table_id": "rtb-0da144299b7c5faca",
            "subnet_id": "subnet-09ea7f2d51f62a04f"
          },
          "sensitive_attributes": [],
          "private": "bnVsbA==",
          "dependencies": [
            "aws_internet_gateway.nginx-web-server",
            "aws_route_table.allow-outgoing-access",
            "aws_subnet.subnet-public-nginx",
            "aws_vpc.nginx-web-server"
          ]
        }
      ]
    },
    {
      "mode": "managed",
      "type": "aws_security_group",
      "name": "allow-all-outbound",
      "provider": "provider[\"registry.terraform.io/hashicorp/aws\"]",
      "instances": [
        {
          "schema_version": 1,
          "attributes": {
            "arn": "arn:aws:ec2:us-east-1:812716212234:security-group/sg-0593d4697ace4eb06",
            "description": "Allow all outbound traffic",
            "egress": [
              {
                "cidr_blocks": [
                  "0.0.0.0/0"
                ],
                "description": "",
                "from_port": 0,
                "ipv6_cidr_blocks": [],
                "prefix_list_ids": [],
                "protocol": "-1",
                "security_groups": [],
                "self": false,
                "to_port": 0
              }
            ],
            "id": "sg-0593d4697ace4eb06",
            "ingress": [],
            "name": "allow-all-outbound",
            "name_prefix": "",
            "owner_id": "812716212234",
            "revoke_rules_on_delete": false,
            "tags": null,
            "tags_all": {},
            "timeouts": null,
            "vpc_id": "vpc-0d59471b67076e95b"
          },
          "sensitive_attributes": [],
          "private": "eyJlMmJmYjczMC1lY2FhLTExZTYtOGY4OC0zNDM2M2JjN2M0YzAiOnsiY3JlYXRlIjo2MDAwMDAwMDAwMDAsImRlbGV0ZSI6OTAwMDAwMDAwMDAwfSwic2NoZW1hX3ZlcnNpb24iOiIxIn0=",
          "dependencies": [
            "aws_vpc.nginx-web-server"
          ]
        }
      ]
    },
    {
      "mode": "managed",
      "type": "aws_security_group",
      "name": "allow-ssh-traffic",
      "provider": "provider[\"registry.terraform.io/hashicorp/aws\"]",
      "instances": [
        {
          "schema_version": 1,
          "attributes": {
            "arn": "arn:aws:ec2:us-east-1:812716212234:security-group/sg-05b157d3c051a144c",
            "description": "Allow SSH inbound traffic",
            "egress": [],
            "id": "sg-05b157d3c051a144c",
            "ingress": [
              {
                "cidr_blocks": [
                  "0.0.0.0/0"
                ],
                "description": "SSH",
                "from_port": 22,
                "ipv6_cidr_blocks": [],
                "prefix_list_ids": [],
                "protocol": "tcp",
                "security_groups": [],
                "self": false,
                "to_port": 22
              }
            ],
            "name": "allow-ssh-traffic",
            "name_prefix": "",
            "owner_id": "812716212234",
            "revoke_rules_on_delete": false,
            "tags": null,
            "tags_all": {},
            "timeouts": null,
            "vpc_id": "vpc-0d59471b67076e95b"
          },
          "sensitive_attributes": [],
          "private": "eyJlMmJmYjczMC1lY2FhLTExZTYtOGY4OC0zNDM2M2JjN2M0YzAiOnsiY3JlYXRlIjo2MDAwMDAwMDAwMDAsImRlbGV0ZSI6OTAwMDAwMDAwMDAwfSwic2NoZW1hX3ZlcnNpb24iOiIxIn0=",
          "dependencies": [
            "aws_vpc.nginx-web-server"
          ]
        }
      ]
    },
    {
      "mode": "managed",
      "type": "aws_security_group",
      "name": "allow-web-traffic",
      "provider": "provider[\"registry.terraform.io/hashicorp/aws\"]",
      "instances": [
        {
          "schema_version": 1,
          "attributes": {
            "arn": "arn:aws:ec2:us-east-1:812716212234:security-group/sg-0f4055506fc79c208",
            "description": "Allow HTTP / HTTPS inbound traffic",
            "egress": [],
            "id": "sg-0f4055506fc79c208",
            "ingress": [
              {
                "cidr_blocks": [
                  "0.0.0.0/0"
                ],
                "description": "HTTP",
                "from_port": 80,
                "ipv6_cidr_blocks": [],
                "prefix_list_ids": [],
                "protocol": "tcp",
                "security_groups": [],
                "self": false,
                "to_port": 80
              },
              {
                "cidr_blocks": [
                  "0.0.0.0/0"
                ],
                "description": "HTTPS",
                "from_port": 443,
                "ipv6_cidr_blocks": [],
                "prefix_list_ids": [],
                "protocol": "tcp",
                "security_groups": [],
                "self": false,
                "to_port": 443
              }
            ],
            "name": "allow-web-traffic",
            "name_prefix": "",
            "owner_id": "812716212234",
            "revoke_rules_on_delete": false,
            "tags": null,
            "tags_all": {},
            "timeouts": null,
            "vpc_id": "vpc-0d59471b67076e95b"
          },
          "sensitive_attributes": [],
          "private": "eyJlMmJmYjczMC1lY2FhLTExZTYtOGY4OC0zNDM2M2JjN2M0YzAiOnsiY3JlYXRlIjo2MDAwMDAwMDAwMDAsImRlbGV0ZSI6OTAwMDAwMDAwMDAwfSwic2NoZW1hX3ZlcnNpb24iOiIxIn0=",
          "dependencies": [
            "aws_vpc.nginx-web-server"
          ]
        }
      ]
    },
    {
      "mode": "managed",
      "type": "aws_subnet",
      "name": "subnet-public-nginx",
      "provider": "provider[\"registry.terraform.io/hashicorp/aws\"]",
      "instances": [
        {
          "schema_version": 1,
          "attributes": {
            "arn": "arn:aws:ec2:us-east-1:812716212234:subnet/subnet-09ea7f2d51f62a04f",
            "assign_ipv6_address_on_creation": false,
            "availability_zone": "us-east-1a",
            "availability_zone_id": "use1-az6",
            "cidr_block": "10.0.3.0/24",
            "customer_owned_ipv4_pool": "",
            "enable_dns64": false,
            "enable_resource_name_dns_a_record_on_launch": false,
            "enable_resource_name_dns_aaaa_record_on_launch": false,
            "id": "subnet-09ea7f2d51f62a04f",
            "ipv6_cidr_block": "",
            "ipv6_cidr_block_association_id": "",
            "ipv6_native": false,
            "map_customer_owned_ip_on_launch": false,
            "map_public_ip_on_launch": false,
            "outpost_arn": "",
            "owner_id": "812716212234",
            "private_dns_hostname_type_on_launch": "ip-name",
            "tags": {
              "Name": "Nginx Subnet"
            },
            "tags_all": {
              "Name": "Nginx Subnet"
            },
            "timeouts": null,
            "vpc_id": "vpc-0d59471b67076e95b"
          },
          "sensitive_attributes": [],
          "private": "eyJlMmJmYjczMC1lY2FhLTExZTYtOGY4OC0zNDM2M2JjN2M0YzAiOnsiY3JlYXRlIjo2MDAwMDAwMDAwMDAsImRlbGV0ZSI6MTIwMDAwMDAwMDAwMH0sInNjaGVtYV92ZXJzaW9uIjoiMSJ9",
          "dependencies": [
            "aws_vpc.nginx-web-server"
          ]
        }
      ]
    },
    {
      "mode": "managed",
      "type": "aws_vpc",
      "name": "nginx-web-server",
      "provider": "provider[\"registry.terraform.io/hashicorp/aws\"]",
      "instances": [
        {
          "schema_version": 1,
          "attributes": {
            "arn": "arn:aws:ec2:us-east-1:812716212234:vpc/vpc-0d59471b67076e95b",
            "assign_generated_ipv6_cidr_block": false,
            "cidr_block": "10.0.0.0/16",
            "default_network_acl_id": "acl-01551c7c2f5030558",
            "default_route_table_id": "rtb-0a7f67e5c6133ddd2",
            "default_security_group_id": "sg-016841cc3feb6ec25",
            "dhcp_options_id": "dopt-0201f564e5a03046e",
            "enable_classiclink": false,
            "enable_classiclink_dns_support": false,
            "enable_dns_hostnames": true,
            "enable_dns_support": true,
            "id": "vpc-0d59471b67076e95b",
            "instance_tenancy": "default",
            "ipv4_ipam_pool_id": null,
            "ipv4_netmask_length": null,
            "ipv6_association_id": "",
            "ipv6_cidr_block": "",
            "ipv6_cidr_block_network_border_group": "",
            "ipv6_ipam_pool_id": "",
            "ipv6_netmask_length": 0,
            "main_route_table_id": "rtb-0a7f67e5c6133ddd2",
            "owner_id": "812716212234",
            "tags": {
              "Name": "Nginx WebServer VPC"
            },
            "tags_all": {
              "Name": "Nginx WebServer VPC"
            }
          },
          "sensitive_attributes": [],
          "private": "eyJzY2hlbWFfdmVyc2lvbiI6IjEifQ=="
        }
      ]
    },
    {
      "module": "module.application-server",
      "mode": "managed",
      "type": "aws_instance",
      "name": "default",
      "provider": "provider[\"registry.terraform.io/hashicorp/aws\"]",
      "instances": [
        {
          "status": "tainted",
          "schema_version": 1,
          "attributes": {
            "ami": "ami-0742b4e673072066f",
            "arn": null,
            "associate_public_ip_address": null,
            "availability_zone": null,
            "capacity_reservation_specification": null,
            "cpu_core_count": null,
            "cpu_threads_per_core": null,
            "credit_specification": [],
            "disable_api_termination": null,
            "ebs_block_device": [],
            "ebs_optimized": null,
            "enclave_options": null,
            "ephemeral_block_device": [],
            "get_password_data": false,
            "hibernation": null,
            "host_id": null,
            "iam_instance_profile": "nginx-web-server",
            "id": "i-08741f4a7dd243af6",
            "instance_initiated_shutdown_behavior": null,
            "instance_state": null,
            "instance_type": "t2.micro",
            "ipv6_address_count": null,
            "ipv6_addresses": null,
            "key_name": "nginx-webserver",
            "launch_template": [],
            "maintenance_options": null,
            "metadata_options": null,
            "monitoring": null,
            "network_interface": [],
            "outpost_arn": null,
            "password_data": null,
            "placement_group": null,
            "placement_partition_number": null,
            "primary_network_interface_id": null,
            "private_dns": null,
            "private_ip": null,
            "public_dns": null,
            "public_ip": null,
            "root_block_device": null,
            "secondary_private_ips": [],
            "security_groups": [],
            "source_dest_check": true,
            "subnet_id": null,
            "tags": {
              "Name": "Nginx Webserver"
            },
            "tags_all": {
              "Name": "Nginx Webserver"
            },
            "tenancy": null,
            "timeouts": null,
            "user_data": "0dfe23a0e585156f4cf7ab5df3a7bb960317bb4b",
            "user_data_base64": null,
            "user_data_replace_on_change": false,
            "volume_tags": null,
            "vpc_security_group_ids": []
          },
          "sensitive_attributes": [],
          "private": "eyJlMmJmYjczMC1lY2FhLTExZTYtOGY4OC0zNDM2M2JjN2M0YzAiOnsiY3JlYXRlIjo2MDAwMDAwMDAwMDAsImRlbGV0ZSI6MTIwMDAwMDAwMDAwMCwidXBkYXRlIjo2MDAwMDAwMDAwMDB9LCJzY2hlbWFfdmVyc2lvbiI6IjEifQ==",
          "dependencies": [
            "aws_iam_instance_profile.nginx-web-server",
            "aws_iam_policy.ecr-access",
            "aws_iam_role.nginx-web-server",
            "aws_key_pair.nginx-webserver-key"
          ]
        }
      ]
    }
  ]
}
