{
  "version": 4,
  "terraform_version": "1.1.7",
  "serial": 151,
  "lineage": "97dbde88-1f67-0122-84c3-83be927de024",
  "outputs": {},
  "resources": [
    {
      "mode": "managed",
      "type": "aws_ecr_repository",
      "name": "nginx-webserver",
      "provider": "provider[\"registry.terraform.io/hashicorp/aws\"]",
      "instances": [
        {
          "schema_version": 0,
          "attributes": {
            "arn": "arn:aws:ecr:us-east-1:812716212234:repository/nginx-webserver",
            "encryption_configuration": [
              {
                "encryption_type": "AES256",
                "kms_key": ""
              }
            ],
            "id": "nginx-webserver",
            "image_scanning_configuration": [
              {
                "scan_on_push": true
              }
            ],
            "image_tag_mutability": "MUTABLE",
            "name": "nginx-webserver",
            "registry_id": "812716212234",
            "repository_url": "812716212234.dkr.ecr.us-east-1.amazonaws.com/nginx-webserver",
            "tags": {
              "Name": "Elastic Container Registry to store Docker Artifacts"
            },
            "tags_all": {
              "Name": "Elastic Container Registry to store Docker Artifacts"
            },
            "timeouts": null
          },
          "sensitive_attributes": [],
          "private": "eyJlMmJmYjczMC1lY2FhLTExZTYtOGY4OC0zNDM2M2JjN2M0YzAiOnsiZGVsZXRlIjoxMjAwMDAwMDAwMDAwfX0="
        }
      ]
    },
    {
      "mode": "managed",
      "type": "aws_eip",
      "name": "jenkins",
      "provider": "provider[\"registry.terraform.io/hashicorp/aws\"]",
      "instances": [
        {
          "schema_version": 0,
          "attributes": {
            "address": null,
            "allocation_id": "eipalloc-0d5c19fcdcc01ecb2",
            "associate_with_private_ip": "10.0.1.50",
            "association_id": "eipassoc-0d8ec78d422bb6feb",
            "carrier_ip": "",
            "customer_owned_ip": "",
            "customer_owned_ipv4_pool": "",
            "domain": "vpc",
            "id": "eipalloc-0d5c19fcdcc01ecb2",
            "instance": "i-0b0f7fe64d5d3e65f",
            "network_border_group": "us-east-1",
            "network_interface": "eni-0d405edcf189849ca",
            "private_dns": "ip-10-0-1-50.ec2.internal",
            "private_ip": "10.0.1.50",
            "public_dns": "ec2-54-205-95-133.compute-1.amazonaws.com",
            "public_ip": "54.205.95.133",
            "public_ipv4_pool": "amazon",
            "tags": null,
            "tags_all": {},
            "timeouts": null,
            "vpc": true
          },
          "sensitive_attributes": [],
          "private": "eyJlMmJmYjczMC1lY2FhLTExZTYtOGY4OC0zNDM2M2JjN2M0YzAiOnsiZGVsZXRlIjoxODAwMDAwMDAwMDAsInJlYWQiOjkwMDAwMDAwMDAwMCwidXBkYXRlIjozMDAwMDAwMDAwMDB9fQ==",
          "dependencies": [
            "aws_internet_gateway.nginx-web-server",
            "aws_network_interface.jenkins",
            "aws_security_group.allow-all-outbound",
            "aws_security_group.allow-jenkins-traffic",
            "aws_security_group.allow-ssh-traffic",
            "aws_subnet.subnet-public-jenkins",
            "aws_vpc.nginx-web-server"
          ]
        }
      ]
    },
    {
      "mode": "managed",
      "type": "aws_eip",
      "name": "simple-web-app",
      "provider": "provider[\"registry.terraform.io/hashicorp/aws\"]",
      "instances": [
        {
          "schema_version": 0,
          "attributes": {
            "address": null,
            "allocation_id": "eipalloc-03c158c8e462f2e8c",
            "associate_with_private_ip": "10.0.3.50",
            "association_id": "eipassoc-0762af1e21ea036ca",
            "carrier_ip": "",
            "customer_owned_ip": "",
            "customer_owned_ipv4_pool": "",
            "domain": "vpc",
            "id": "eipalloc-03c158c8e462f2e8c",
            "instance": "i-09f5374e1fdad49b1",
            "network_border_group": "us-east-1",
            "network_interface": "eni-048b5ac5e10ea76ff",
            "private_dns": "ip-10-0-3-50.ec2.internal",
            "private_ip": "10.0.3.50",
            "public_dns": "ec2-34-206-253-113.compute-1.amazonaws.com",
            "public_ip": "34.206.253.113",
            "public_ipv4_pool": "amazon",
            "tags": null,
            "tags_all": {},
            "timeouts": null,
            "vpc": true
          },
          "sensitive_attributes": [],
          "private": "eyJlMmJmYjczMC1lY2FhLTExZTYtOGY4OC0zNDM2M2JjN2M0YzAiOnsiZGVsZXRlIjoxODAwMDAwMDAwMDAsInJlYWQiOjkwMDAwMDAwMDAwMCwidXBkYXRlIjozMDAwMDAwMDAwMDB9fQ==",
          "dependencies": [
            "aws_internet_gateway.nginx-web-server",
            "aws_network_interface.nginx-web-server",
            "aws_security_group.allow-all-outbound",
            "aws_security_group.allow-ssh-traffic",
            "aws_security_group.allow-web-traffic",
            "aws_subnet.subnet-public-nginx",
            "aws_vpc.nginx-web-server"
          ]
        }
      ]
    },
    {
      "mode": "managed",
      "type": "aws_iam_instance_profile",
      "name": "jenkins",
      "provider": "provider[\"registry.terraform.io/hashicorp/aws\"]",
      "instances": [
        {
          "schema_version": 0,
          "attributes": {
            "arn": "arn:aws:iam::812716212234:instance-profile/jenkins",
            "create_date": "2022-06-17T11:00:06Z",
            "id": "jenkins",
            "name": "jenkins",
            "name_prefix": null,
            "path": "/",
            "role": "jenkins",
            "tags": null,
            "tags_all": {},
            "unique_id": "AIPA32ONJIAFKH4WKTSHU"
          },
          "sensitive_attributes": [],
          "private": "bnVsbA==",
          "dependencies": [
            "aws_iam_policy.ec2-access",
            "aws_iam_policy.ecr-access",
            "aws_iam_policy.s3-access",
            "aws_iam_policy.secrets-access",
            "aws_iam_role.jenkins"
          ]
        }
      ]
    },
    {
      "mode": "managed",
      "type": "aws_iam_instance_profile",
      "name": "nginx-webserver",
      "provider": "provider[\"registry.terraform.io/hashicorp/aws\"]",
      "instances": [
        {
          "schema_version": 0,
          "attributes": {
            "arn": "arn:aws:iam::812716212234:instance-profile/spring-petclinic",
            "create_date": "2022-06-17T11:00:05Z",
            "id": "spring-petclinic",
            "name": "spring-petclinic",
            "name_prefix": null,
            "path": "/",
            "role": "spring-petclinic",
            "tags": null,
            "tags_all": {},
            "unique_id": "AIPA32ONJIAFOGH4HSS3J"
          },
          "sensitive_attributes": [],
          "private": "bnVsbA==",
          "dependencies": [
            "aws_iam_policy.ecr-access",
            "aws_iam_role.nginx-webserver"
          ]
        }
      ]
    },
    {
      "mode": "managed",
      "type": "aws_iam_policy",
      "name": "ec2-access",
      "provider": "provider[\"registry.terraform.io/hashicorp/aws\"]",
      "instances": [
        {
          "schema_version": 0,
          "attributes": {
            "arn": "arn:aws:iam::812716212234:policy/ec2-reboot-access",
            "description": "",
            "id": "arn:aws:iam::812716212234:policy/ec2-reboot-access",
            "name": "ec2-reboot-access",
            "name_prefix": null,
            "path": "/",
            "policy": "{\"Statement\":[{\"Action\":[\"ec2:RebootInstances\",\"ec2:StartInstances\",\"ec2:StopInstances\"],\"Effect\":\"Allow\",\"Resource\":\"*\"}],\"Version\":\"2012-10-17\"}",
            "policy_id": "ANPA32ONJIAFOTRFTMDRI",
            "tags": null,
            "tags_all": {}
          },
          "sensitive_attributes": [],
          "private": "bnVsbA=="
        }
      ]
    },
    {
      "mode": "managed",
      "type": "aws_iam_policy",
      "name": "ecr-access",
      "provider": "provider[\"registry.terraform.io/hashicorp/aws\"]",
      "instances": [
        {
          "schema_version": 0,
          "attributes": {
            "arn": "arn:aws:iam::812716212234:policy/ecr-access",
            "description": "",
            "id": "arn:aws:iam::812716212234:policy/ecr-access",
            "name": "ecr-access",
            "name_prefix": null,
            "path": "/",
            "policy": "{\"Statement\":[{\"Action\":[\"ecr:GetAuthorizationToken\",\"ecr:BatchCheckLayerAvailability\",\"ecr:GetDownloadUrlForLayer\",\"ecr:GetRepositoryPolicy\",\"ecr:DescribeRepositories\",\"ecr:ListImages\",\"ecr:DescribeImages\",\"ecr:BatchGetImage\",\"ecr:GetLifecyclePolicy\",\"ecr:GetLifecyclePolicyPreview\",\"ecr:ListTagsForResource\",\"ecr:DescribeImageScanFindings\",\"ecr:InitiateLayerUpload\",\"ecr:UploadLayerPart\",\"ecr:CompleteLayerUpload\",\"ecr:PutImage\"],\"Effect\":\"Allow\",\"Resource\":\"*\"}],\"Version\":\"2012-10-17\"}",
            "policy_id": "ANPA32ONJIAFK7EPYNAFH",
            "tags": null,
            "tags_all": {}
          },
          "sensitive_attributes": [],
          "private": "bnVsbA=="
        }
      ]
    },
    {
      "mode": "managed",
      "type": "aws_iam_policy",
      "name": "s3-access",
      "provider": "provider[\"registry.terraform.io/hashicorp/aws\"]",
      "instances": [
        {
          "schema_version": 0,
          "attributes": {
            "arn": "arn:aws:iam::812716212234:policy/s3-access",
            "description": "",
            "id": "arn:aws:iam::812716212234:policy/s3-access",
            "name": "s3-access",
            "name_prefix": null,
            "path": "/",
            "policy": "{\"Statement\":[{\"Action\":\"s3:*\",\"Effect\":\"Allow\",\"Resource\":\"*\"}],\"Version\":\"2012-10-17\"}",
            "policy_id": "ANPA32ONJIAFFFCJ5FEIE",
            "tags": null,
            "tags_all": {}
          },
          "sensitive_attributes": [],
          "private": "bnVsbA=="
        }
      ]
    },
    {
      "mode": "managed",
      "type": "aws_iam_policy",
      "name": "secrets-access",
      "provider": "provider[\"registry.terraform.io/hashicorp/aws\"]",
      "instances": [
        {
          "schema_version": 0,
          "attributes": {
            "arn": "arn:aws:iam::812716212234:policy/secrets-access",
            "description": "",
            "id": "arn:aws:iam::812716212234:policy/secrets-access",
            "name": "secrets-access",
            "name_prefix": null,
            "path": "/",
            "policy": "{\"Statement\":[{\"Action\":\"secretsmanager:GetSecretValue\",\"Effect\":\"Allow\",\"Resource\":\"*\"}],\"Version\":\"2012-10-17\"}",
            "policy_id": "ANPA32ONJIAFBPSUN2USC",
            "tags": null,
            "tags_all": {}
          },
          "sensitive_attributes": [],
          "private": "bnVsbA=="
        }
      ]
    },
    {
      "mode": "managed",
      "type": "aws_iam_role",
      "name": "jenkins",
      "provider": "provider[\"registry.terraform.io/hashicorp/aws\"]",
      "instances": [
        {
          "schema_version": 0,
          "attributes": {
            "arn": "arn:aws:iam::812716212234:role/jenkins",
            "assume_role_policy": "{\"Version\":\"2012-10-17\",\"Statement\":[{\"Sid\":\"\",\"Effect\":\"Allow\",\"Principal\":{\"Service\":\"ec2.amazonaws.com\"},\"Action\":\"sts:AssumeRole\"}]}",
            "create_date": "2022-06-17T11:00:04Z",
            "description": "",
            "force_detach_policies": false,
            "id": "jenkins",
            "inline_policy": [
              {
                "name": "",
                "policy": ""
              }
            ],
            "managed_policy_arns": [
              "arn:aws:iam::812716212234:policy/ec2-reboot-access",
              "arn:aws:iam::812716212234:policy/ecr-access",
              "arn:aws:iam::812716212234:policy/s3-access",
              "arn:aws:iam::812716212234:policy/secrets-access"
            ],
            "max_session_duration": 3600,
            "name": "jenkins",
            "name_prefix": "",
            "path": "/",
            "permissions_boundary": null,
            "tags": null,
            "tags_all": {},
            "unique_id": "AROA32ONJIAFHC6TVM7JK"
          },
          "sensitive_attributes": [],
          "private": "bnVsbA==",
          "dependencies": [
            "aws_iam_policy.ec2-access",
            "aws_iam_policy.ecr-access",
            "aws_iam_policy.s3-access",
            "aws_iam_policy.secrets-access"
          ]
        }
      ]
    },
    {
      "mode": "managed",
      "type": "aws_iam_role",
      "name": "nginx-webserver",
      "provider": "provider[\"registry.terraform.io/hashicorp/aws\"]",
      "instances": [
        {
          "schema_version": 0,
          "attributes": {
            "arn": "arn:aws:iam::812716212234:role/spring-petclinic",
            "assume_role_policy": "{\"Version\":\"2012-10-17\",\"Statement\":[{\"Sid\":\"\",\"Effect\":\"Allow\",\"Principal\":{\"Service\":\"ec2.amazonaws.com\"},\"Action\":\"sts:AssumeRole\"}]}",
            "create_date": "2022-06-17T11:00:04Z",
            "description": "",
            "force_detach_policies": false,
            "id": "spring-petclinic",
            "inline_policy": [
              {
                "name": "",
                "policy": ""
              }
            ],
            "managed_policy_arns": [
              "arn:aws:iam::812716212234:policy/ecr-access"
            ],
            "max_session_duration": 3600,
            "name": "spring-petclinic",
            "name_prefix": "",
            "path": "/",
            "permissions_boundary": null,
            "tags": null,
            "tags_all": {},
            "unique_id": "AROA32ONJIAFOFJHDFSYC"
          },
          "sensitive_attributes": [],
          "private": "bnVsbA==",
          "dependencies": [
            "aws_iam_policy.ecr-access"
          ]
        }
      ]
    },
    {
      "mode": "managed",
      "type": "aws_internet_gateway",
      "name": "nginx-web-server",
      "provider": "provider[\"registry.terraform.io/hashicorp/aws\"]",
      "instances": [
        {
          "schema_version": 0,
          "attributes": {
            "arn": "arn:aws:ec2:us-east-1:812716212234:internet-gateway/igw-0a671983298ae61b4",
            "id": "igw-0a671983298ae61b4",
            "owner_id": "812716212234",
            "tags": null,
            "tags_all": {},
            "vpc_id": "vpc-0587b4e11577d91f4"
          },
          "sensitive_attributes": [],
          "private": "bnVsbA==",
          "dependencies": [
            "aws_vpc.nginx-web-server"
          ]
        }
      ]
    },
    {
      "mode": "managed",
      "type": "aws_key_pair",
      "name": "jenkins-key",
      "provider": "provider[\"registry.terraform.io/hashicorp/aws\"]",
      "instances": [
        {
          "schema_version": 1,
          "attributes": {
            "arn": "arn:aws:ec2:us-east-1:812716212234:key-pair/jenkins",
            "fingerprint": "4f:b5:c7:b2:47:00:8e:f6:88:2e:83:8c:50:ec:40:39",
            "id": "jenkins",
            "key_name": "jenkins",
            "key_name_prefix": "",
            "key_pair_id": "key-02c6ebd2f34256200",
            "public_key": "ssh-rsa AAAAB3NzaC1yc2EAAAADAQABAAACAQDXLsfNIkLnSkUCzmOHf3ZCGXNoLofvlbSLsdmaxXLxE/IsWuTLrb1VNAyBSsNHpfZT6haCCUXN5bcnLtnAObjgs/49t0KkxCXwtsbfXx3lDfVGBGcD0my2i+tZW5tDNmo+UI/U9a9bEahDlw7+L2GZl84i6x9ptCnkgKhM8YPGx96UtyideN5dsdyCaqstJlbGhSEjnHVqEWI46zOpdRhvVfzc6+FWmP6HB6V03abLGP/E20JehC0gKzR9cBNi/gvN2fpWicE54dawK57FP/AH5ZnyLa42KqSaViVUx38s8nutpNiL4wF3Qy9XNv8qWlj7ute01BtzjylRoJ3TZvuxobqyvto0MvfTZbz/rqLkzg8O4FWLLDOf0IVGRwpi6KFNB59CNWs3z6qu7cuuT/QK9hmnlYiHmttbS8pXLIKoHzE1jO0Zi4Yc/lUMN/E86FxRxuCgRJpIAYTJObwyp6l4GRZDwYvHx7j+2h3i6nZAMAfgIPjRAwvRB/D3rrY3kBS4snR5zc9zCiMJhvGZfwW5ITx11lDmrqN1YUEpYvfqVAbf2x2fW75EQ9Z+9Tx3hx0R7Ox9awRy9X7rpsAqC8MJd78DAzlmAqIdvD8SwNm3Os/Zajyu7Eeg2n7GCd/u0xcEIXxeZSxJ+GVMLKY1YqocE92O5vtbiihaBQR9SFb2Qw== EPAM+Maksym_Hordienko@EPUAKYIW04DF",
            "tags": null,
            "tags_all": {}
          },
          "sensitive_attributes": [],
          "private": "eyJzY2hlbWFfdmVyc2lvbiI6IjEifQ=="
        }
      ]
    },
    {
      "mode": "managed",
      "type": "aws_key_pair",
      "name": "nginx-webserver-key",
      "provider": "provider[\"registry.terraform.io/hashicorp/aws\"]",
      "instances": [
        {
          "schema_version": 1,
          "attributes": {
            "arn": "arn:aws:ec2:us-east-1:812716212234:key-pair/nginx-webserver",
            "fingerprint": "4c:e3:d4:0b:1a:62:6a:ae:9f:37:d1:3e:be:87:a2:d1",
            "id": "nginx-webserver",
            "key_name": "nginx-webserver",
            "key_name_prefix": "",
            "key_pair_id": "key-018cab8dee6dbeaca",
            "public_key": "ssh-rsa AAAAB3NzaC1yc2EAAAADAQABAAACAQDWAc5leJEuknAqa173g6GSKjHG7asigLbf91qqwrM5R2Cmgj8LJUEycfD/JxHVYvIDurCSGZsmCy1icr7ZlS/JRaQVOwhUYD1wyghycQVbCO2J5T2/xO+kjXQTgLUFWAop8vdaZfzAQlRFr55Rb0TIWIwtP1ofMYYDUJaB+qkYyA+d1nbu9+ymkRRiGneCLdBMHKdEwzuWQFVLZsoH4EIFbSQqVREeEv3GyVurur3aNWomlaOMJ9tVlQLdeEWTw3vk6lLoZnTcyeUINhcRbmoQcyy+NuIzxXo0o9nwemAlsab/AQMEPbGSer7UiQf2eC86GXUgBXnZXVD+UoxG6K/0XbJkrFqe2ltHCp51hh/oJKVDC9vWi0RC2wWtqjX3ZwzDns+wyej1Jleb3yF5kUbPhMtX+S19UhJtHuGKhyn0mhTy/V5m3J3o+iMMFHtdUiS6VelhPnhEvXiOw1fpIIEQu54KpsHjrgnwXyQB9kkEF2/6Yo6QOS1/gCJzp4NXAgrQiOHuynpyFGJKU+yicIcLRRiUmO17mnGRRFb0QB2/21mCrMrkj1J5Z7LMZkcyFzEpLjBdxByxUJl+7L/1LraIORqyxQJQoiZsf/rJ/faV7iquA7VYCvF3/crzZ9kLIOAvhFa1vIBz/HXLT3qMhsINhA2+9WJFficZede0PcH/1w== EPAM+Maksym_Hordienko@EPUAKYIW04DF",
            "tags": null,
            "tags_all": {}
          },
          "sensitive_attributes": [],
          "private": "eyJzY2hlbWFfdmVyc2lvbiI6IjEifQ=="
        }
      ]
    },
    {
      "mode": "managed",
      "type": "aws_network_interface",
      "name": "jenkins",
      "provider": "provider[\"registry.terraform.io/hashicorp/aws\"]",
      "instances": [
        {
          "schema_version": 0,
          "attributes": {
            "arn": "arn:aws:ec2:us-east-1:812716212234:network-interface/eni-0d405edcf189849ca",
            "attachment": [],
            "description": "",
            "id": "eni-0d405edcf189849ca",
            "interface_type": "interface",
            "ipv4_prefix_count": 0,
            "ipv4_prefixes": [],
            "ipv6_address_count": 0,
            "ipv6_address_list": [],
            "ipv6_address_list_enabled": false,
            "ipv6_addresses": [],
            "ipv6_prefix_count": 0,
            "ipv6_prefixes": [],
            "mac_address": "0e:2e:52:5f:2b:8f",
            "outpost_arn": "",
            "owner_id": "812716212234",
            "private_dns_name": "ip-10-0-1-50.ec2.internal",
            "private_ip": "10.0.1.50",
            "private_ip_list": [
              "10.0.1.50"
            ],
            "private_ip_list_enabled": false,
            "private_ips": [
              "10.0.1.50"
            ],
            "private_ips_count": 0,
            "security_groups": [
              "sg-052cfc3f9b3d41431",
              "sg-07261fb6260699de5",
              "sg-0adde6486fa3ddb08"
            ],
            "source_dest_check": true,
            "subnet_id": "subnet-01f19ad21808e9ee6",
            "tags": null,
            "tags_all": {}
          },
          "sensitive_attributes": [],
          "private": "bnVsbA==",
          "dependencies": [
            "aws_security_group.allow-all-outbound",
            "aws_security_group.allow-jenkins-traffic",
            "aws_security_group.allow-ssh-traffic",
            "aws_subnet.subnet-public-jenkins",
            "aws_vpc.nginx-web-server"
          ]
        }
      ]
    },
    {
      "mode": "managed",
      "type": "aws_network_interface",
      "name": "nginx-web-server",
      "provider": "provider[\"registry.terraform.io/hashicorp/aws\"]",
      "instances": [
        {
          "schema_version": 0,
          "attributes": {
            "arn": "arn:aws:ec2:us-east-1:812716212234:network-interface/eni-048b5ac5e10ea76ff",
            "attachment": [],
            "description": "",
            "id": "eni-048b5ac5e10ea76ff",
            "interface_type": "interface",
            "ipv4_prefix_count": 0,
            "ipv4_prefixes": [],
            "ipv6_address_count": 0,
            "ipv6_address_list": [],
            "ipv6_address_list_enabled": false,
            "ipv6_addresses": [],
            "ipv6_prefix_count": 0,
            "ipv6_prefixes": [],
            "mac_address": "0e:23:ea:2c:bf:f5",
            "outpost_arn": "",
            "owner_id": "812716212234",
            "private_dns_name": "ip-10-0-3-50.ec2.internal",
            "private_ip": "10.0.3.50",
            "private_ip_list": [
              "10.0.3.50"
            ],
            "private_ip_list_enabled": false,
            "private_ips": [
              "10.0.3.50"
            ],
            "private_ips_count": 0,
            "security_groups": [
              "sg-052cfc3f9b3d41431",
              "sg-095d4785c33f71872",
              "sg-0adde6486fa3ddb08"
            ],
            "source_dest_check": true,
            "subnet_id": "subnet-0833bceb7284ab910",
            "tags": null,
            "tags_all": {}
          },
          "sensitive_attributes": [],
          "private": "bnVsbA==",
          "dependencies": [
            "aws_security_group.allow-all-outbound",
            "aws_security_group.allow-ssh-traffic",
            "aws_security_group.allow-web-traffic",
            "aws_subnet.subnet-public-nginx",
            "aws_vpc.nginx-web-server"
          ]
        }
      ]
    },
    {
      "mode": "managed",
      "type": "aws_route_table",
      "name": "allow-outgoing-access",
      "provider": "provider[\"registry.terraform.io/hashicorp/aws\"]",
      "instances": [
        {
          "schema_version": 0,
          "attributes": {
            "arn": "arn:aws:ec2:us-east-1:812716212234:route-table/rtb-06056df96ed96b990",
            "id": "rtb-06056df96ed96b990",
            "owner_id": "812716212234",
            "propagating_vgws": [],
            "route": [
              {
                "carrier_gateway_id": "",
                "cidr_block": "0.0.0.0/0",
                "core_network_arn": "",
                "destination_prefix_list_id": "",
                "egress_only_gateway_id": "",
                "gateway_id": "igw-0a671983298ae61b4",
                "instance_id": "",
                "ipv6_cidr_block": "",
                "local_gateway_id": "",
                "nat_gateway_id": "",
                "network_interface_id": "",
                "transit_gateway_id": "",
                "vpc_endpoint_id": "",
                "vpc_peering_connection_id": ""
              }
            ],
            "tags": {
              "Name": "Route Table Allowing Outgoing Access"
            },
            "tags_all": {
              "Name": "Route Table Allowing Outgoing Access"
            },
            "timeouts": null,
            "vpc_id": "vpc-0587b4e11577d91f4"
          },
          "sensitive_attributes": [],
          "private": "eyJlMmJmYjczMC1lY2FhLTExZTYtOGY4OC0zNDM2M2JjN2M0YzAiOnsiY3JlYXRlIjozMDAwMDAwMDAwMDAsImRlbGV0ZSI6MzAwMDAwMDAwMDAwLCJ1cGRhdGUiOjEyMDAwMDAwMDAwMH19",
          "dependencies": [
            "aws_internet_gateway.nginx-web-server",
            "aws_vpc.nginx-web-server"
          ]
        }
      ]
    },
    {
      "mode": "managed",
      "type": "aws_route_table_association",
      "name": "jenkins-subnet",
      "provider": "provider[\"registry.terraform.io/hashicorp/aws\"]",
      "instances": [
        {
          "schema_version": 0,
          "attributes": {
            "gateway_id": "",
            "id": "rtbassoc-0c419ec4c53dd8724",
            "route_table_id": "rtb-06056df96ed96b990",
            "subnet_id": "subnet-01f19ad21808e9ee6"
          },
          "sensitive_attributes": [],
          "private": "bnVsbA==",
          "dependencies": [
            "aws_internet_gateway.nginx-web-server",
            "aws_route_table.allow-outgoing-access",
            "aws_subnet.subnet-public-jenkins",
            "aws_vpc.nginx-web-server"
          ]
        }
      ]
    },
    {
      "mode": "managed",
      "type": "aws_route_table_association",
      "name": "nginx-web-server",
      "provider": "provider[\"registry.terraform.io/hashicorp/aws\"]",
      "instances": [
        {
          "schema_version": 0,
          "attributes": {
            "gateway_id": "",
            "id": "rtbassoc-0d1b2a475a97c91ae",
            "route_table_id": "rtb-06056df96ed96b990",
            "subnet_id": "subnet-0833bceb7284ab910"
          },
          "sensitive_attributes": [],
          "private": "bnVsbA==",
          "dependencies": [
            "aws_internet_gateway.nginx-web-server",
            "aws_route_table.allow-outgoing-access",
            "aws_subnet.subnet-public-nginx",
            "aws_vpc.nginx-web-server"
          ]
        }
      ]
    },
    {
      "mode": "managed",
      "type": "aws_s3_bucket",
      "name": "jenkins-config",
      "provider": "provider[\"registry.terraform.io/hashicorp/aws\"]",
      "instances": [
        {
          "schema_version": 0,
          "attributes": {
            "acceleration_status": "",
            "acl": "private",
            "arn": "arn:aws:s3:::mhordiienko-jenkins-config",
            "bucket": "mhordiienko-jenkins-config",
            "bucket_domain_name": "mhordiienko-jenkins-config.s3.amazonaws.com",
            "bucket_prefix": null,
            "bucket_regional_domain_name": "mhordiienko-jenkins-config.s3.amazonaws.com",
            "cors_rule": [],
            "force_destroy": false,
            "grant": [
              {
                "id": "c4516c5b29d3ffd77f3e3bc8cc3933608df83b743af19ca62fbdf8c439f08e27",
                "permissions": [
                  "FULL_CONTROL"
                ],
                "type": "CanonicalUser",
                "uri": ""
              }
            ],
            "hosted_zone_id": "Z3AQBSTGFYJSTF",
            "id": "mhordiienko-jenkins-config",
            "lifecycle_rule": [],
            "logging": [],
            "object_lock_configuration": [],
            "object_lock_enabled": false,
            "policy": "",
            "region": "us-east-1",
            "replication_configuration": [],
            "request_payer": "BucketOwner",
            "server_side_encryption_configuration": [],
            "tags": null,
            "tags_all": {},
            "versioning": [
              {
                "enabled": false,
                "mfa_delete": false
              }
            ],
            "website": [],
            "website_domain": null,
            "website_endpoint": null
          },
          "sensitive_attributes": [],
          "private": "bnVsbA=="
        }
      ]
    },
    {
      "mode": "managed",
      "type": "aws_s3_bucket",
      "name": "nginx-webserver-logs",
      "provider": "provider[\"registry.terraform.io/hashicorp/aws\"]",
      "instances": [
        {
          "schema_version": 0,
          "attributes": {
            "acceleration_status": "",
            "acl": "private",
            "arn": "arn:aws:s3:::mhordiienko-nginx-webserver-logs",
            "bucket": "mhordiienko-nginx-webserver-logs",
            "bucket_domain_name": "mhordiienko-nginx-webserver-logs.s3.amazonaws.com",
            "bucket_prefix": null,
            "bucket_regional_domain_name": "mhordiienko-nginx-webserver-logs.s3.amazonaws.com",
            "cors_rule": [],
            "force_destroy": false,
            "grant": [
              {
                "id": "c4516c5b29d3ffd77f3e3bc8cc3933608df83b743af19ca62fbdf8c439f08e27",
                "permissions": [
                  "FULL_CONTROL"
                ],
                "type": "CanonicalUser",
                "uri": ""
              }
            ],
            "hosted_zone_id": "Z3AQBSTGFYJSTF",
            "id": "mhordiienko-nginx-webserver-logs",
            "lifecycle_rule": [],
            "logging": [],
            "object_lock_configuration": [],
            "object_lock_enabled": false,
            "policy": "",
            "region": "us-east-1",
            "replication_configuration": [],
            "request_payer": "BucketOwner",
            "server_side_encryption_configuration": [],
            "tags": null,
            "tags_all": {},
            "versioning": [
              {
                "enabled": false,
                "mfa_delete": false
              }
            ],
            "website": [],
            "website_domain": null,
            "website_endpoint": null
          },
          "sensitive_attributes": [],
          "private": "bnVsbA=="
        }
      ]
    },
    {
      "mode": "managed",
      "type": "aws_s3_bucket_object",
      "name": "jenkins-config",
      "provider": "provider[\"registry.terraform.io/hashicorp/aws\"]",
      "instances": [
        {
          "index_key": "confirm_url.sh",
          "schema_version": 0,
          "attributes": {
            "acl": "private",
            "bucket": "mhordiienko-jenkins-config",
            "bucket_key_enabled": false,
            "cache_control": "",
            "content": null,
            "content_base64": null,
            "content_disposition": "",
            "content_encoding": "",
            "content_language": "",
            "content_type": "binary/octet-stream",
            "etag": "d2977ce406e7364995a82d2035613f5d",
            "force_destroy": false,
            "id": "confirm_url.sh",
            "key": "confirm_url.sh",
            "kms_key_id": null,
            "metadata": null,
            "object_lock_legal_hold_status": "",
            "object_lock_mode": "",
            "object_lock_retain_until_date": "",
            "server_side_encryption": "",
            "source": "jenkins-config/confirm_url.sh",
            "source_hash": null,
            "storage_class": "STANDARD",
            "tags": null,
            "tags_all": {},
            "version_id": "",
            "website_redirect": ""
          },
          "sensitive_attributes": [],
          "private": "bnVsbA==",
          "dependencies": [
            "aws_s3_bucket.jenkins-config"
          ]
        },
        {
          "index_key": "create_admin_user.sh",
          "schema_version": 0,
          "attributes": {
            "acl": "private",
            "bucket": "mhordiienko-jenkins-config",
            "bucket_key_enabled": false,
            "cache_control": "",
            "content": null,
            "content_base64": null,
            "content_disposition": "",
            "content_encoding": "",
            "content_language": "",
            "content_type": "binary/octet-stream",
            "etag": "a54d4ba2afa1d6a4067b0e7f81c973ec",
            "force_destroy": false,
            "id": "create_admin_user.sh",
            "key": "create_admin_user.sh",
            "kms_key_id": null,
            "metadata": null,
            "object_lock_legal_hold_status": "",
            "object_lock_mode": "",
            "object_lock_retain_until_date": "",
            "server_side_encryption": "",
            "source": "jenkins-config/create_admin_user.sh",
            "source_hash": null,
            "storage_class": "STANDARD",
            "tags": null,
            "tags_all": {},
            "version_id": "",
            "website_redirect": ""
          },
          "sensitive_attributes": [],
          "private": "bnVsbA==",
          "dependencies": [
            "aws_s3_bucket.jenkins-config"
          ]
        },
        {
          "index_key": "create_credentials.sh",
          "schema_version": 0,
          "attributes": {
            "acl": "private",
            "bucket": "mhordiienko-jenkins-config",
            "bucket_key_enabled": false,
            "cache_control": "",
            "content": null,
            "content_base64": null,
            "content_disposition": "",
            "content_encoding": "",
            "content_language": "",
            "content_type": "binary/octet-stream",
            "etag": "f909483702123eed9cb2885af6f01f94",
            "force_destroy": false,
            "id": "create_credentials.sh",
            "key": "create_credentials.sh",
            "kms_key_id": null,
            "metadata": null,
            "object_lock_legal_hold_status": "",
            "object_lock_mode": "",
            "object_lock_retain_until_date": "",
            "server_side_encryption": "",
            "source": "jenkins-config/create_credentials.sh",
            "source_hash": null,
            "storage_class": "STANDARD",
            "tags": null,
            "tags_all": {},
            "version_id": "",
            "website_redirect": ""
          },
          "sensitive_attributes": [],
          "private": "bnVsbA==",
          "dependencies": [
            "aws_s3_bucket.jenkins-config"
          ]
        },
        {
          "index_key": "create_multibranch_pipeline.sh",
          "schema_version": 0,
          "attributes": {
            "acl": "private",
            "bucket": "mhordiienko-jenkins-config",
            "bucket_key_enabled": false,
            "cache_control": "",
            "content": null,
            "content_base64": null,
            "content_disposition": "",
            "content_encoding": "",
            "content_language": "",
            "content_type": "binary/octet-stream",
            "etag": "186d9bc43cae1987943b6b5f6c86c04b",
            "force_destroy": false,
            "id": "create_multibranch_pipeline.sh",
            "key": "create_multibranch_pipeline.sh",
            "kms_key_id": null,
            "metadata": null,
            "object_lock_legal_hold_status": "",
            "object_lock_mode": "",
            "object_lock_retain_until_date": "",
            "server_side_encryption": "",
            "source": "jenkins-config/create_multibranch_pipeline.sh",
            "source_hash": null,
            "storage_class": "STANDARD",
            "tags": null,
            "tags_all": {},
            "version_id": "",
            "website_redirect": ""
          },
          "sensitive_attributes": [],
          "private": "bnVsbA==",
          "dependencies": [
            "aws_s3_bucket.jenkins-config"
          ]
        },
        {
          "index_key": "download_install_plugins.sh",
          "schema_version": 0,
          "attributes": {
            "acl": "private",
            "bucket": "mhordiienko-jenkins-config",
            "bucket_key_enabled": false,
            "cache_control": "",
            "content": null,
            "content_base64": null,
            "content_disposition": "",
            "content_encoding": "",
            "content_language": "",
            "content_type": "binary/octet-stream",
            "etag": "3b71ff976ede9eaa96aeb7c0bbbbf367",
            "force_destroy": false,
            "id": "download_install_plugins.sh",
            "key": "download_install_plugins.sh",
            "kms_key_id": null,
            "metadata": null,
            "object_lock_legal_hold_status": "",
            "object_lock_mode": "",
            "object_lock_retain_until_date": "",
            "server_side_encryption": "",
            "source": "jenkins-config/download_install_plugins.sh",
            "source_hash": null,
            "storage_class": "STANDARD",
            "tags": null,
            "tags_all": {},
            "version_id": "",
            "website_redirect": ""
          },
          "sensitive_attributes": [],
          "private": "bnVsbA==",
          "dependencies": [
            "aws_s3_bucket.jenkins-config"
          ]
        },
        {
          "index_key": "get_credentials_id.sh",
          "schema_version": 0,
          "attributes": {
            "acl": "private",
            "bucket": "mhordiienko-jenkins-config",
            "bucket_key_enabled": false,
            "cache_control": "",
            "content": null,
            "content_base64": null,
            "content_disposition": "",
            "content_encoding": "",
            "content_language": "",
            "content_type": "binary/octet-stream",
            "etag": "92462241d7b7a07fc1a0cbc252c61bc8",
            "force_destroy": false,
            "id": "get_credentials_id.sh",
            "key": "get_credentials_id.sh",
            "kms_key_id": null,
            "metadata": null,
            "object_lock_legal_hold_status": "",
            "object_lock_mode": "",
            "object_lock_retain_until_date": "",
            "server_side_encryption": "",
            "source": "jenkins-config/get_credentials_id.sh",
            "source_hash": null,
            "storage_class": "STANDARD",
            "tags": null,
            "tags_all": {},
            "version_id": "",
            "website_redirect": ""
          },
          "sensitive_attributes": [],
          "private": "bnVsbA==",
          "dependencies": [
            "aws_s3_bucket.jenkins-config"
          ]
        }
      ]
    },
    {
      "mode": "managed",
      "type": "aws_secretsmanager_secret",
      "name": "jenkins333",
      "provider": "provider[\"registry.terraform.io/hashicorp/aws\"]",
      "instances": [
        {
          "schema_version": 0,
          "attributes": {
            "arn": "arn:aws:secretsmanager:us-east-1:812716212234:secret:mavenssecret1-jffGJj",
            "description": "",
            "force_overwrite_replica_secret": false,
            "id": "arn:aws:secretsmanager:us-east-1:812716212234:secret:mavenssecret1-jffGJj",
            "kms_key_id": "",
            "name": "mavenssecret1",
            "name_prefix": "",
            "policy": "",
            "recovery_window_in_days": 30,
            "replica": [],
            "rotation_enabled": false,
            "rotation_lambda_arn": "",
            "rotation_rules": [],
            "tags": null,
            "tags_all": {}
          },
          "sensitive_attributes": [],
          "private": "bnVsbA=="
        }
      ]
    },
    {
      "mode": "managed",
      "type": "aws_secretsmanager_secret_version",
      "name": "jenkins333",
      "provider": "provider[\"registry.terraform.io/hashicorp/aws\"]",
      "instances": [
        {
          "schema_version": 0,
          "attributes": {
            "arn": "arn:aws:secretsmanager:us-east-1:812716212234:secret:mavenssecret1-jffGJj",
            "id": "arn:aws:secretsmanager:us-east-1:812716212234:secret:mavenssecret1-jffGJj|BBC3C926-43CA-4712-AE39-09DED0F1C1A6",
            "secret_binary": "",
            "secret_id": "arn:aws:secretsmanager:us-east-1:812716212234:secret:mavenssecret1-jffGJj",
            "secret_string": "{\"private\":\"'-----BEGIN OPENSSH PRIVATE KEY-----\\nb3BlbnNzaC1rZXktdjEAAAAABG5vbmUAAAAEbm9uZQAAAAAAAAABAAACFwAAAAdzc2gtcn\\nNhAAAAAwEAAQAAAgEAzMWcmzlrj3UiLQeGHkW21/L4ggK8ReBar03BnTfGsqPZGwx9rK+V\\n/PuWNIF3SN5I09pDcppRE8s9xd2ShNyu3rAFapDT2Yl1cWv3K5B8mwlxTs9K+WxZfgdvWV\\nqAJZHEdOnTU1KBpJKxjL5k5K+i/ZUaM3FSghdAHWVwveYuph/0OuHmt4wuYcNskEdt+Kur\\n6WkqljnQHEgwRojuRwDxlX+m+UBWt7Lu0A4AAPSeepuf2SRRyZAp2gf6im6t0NCz8FMg8v\\nwDiWnvfQHwpYINLzEC+1Quug1K8daLiz0t8fGypBhs6AkpHrBfw7Bx44Iuy9jQWyVxkPUF\\n1qjEF29nLBvDhrURF1tFesZNwyJJTwceYqB41/ZCMq/LMhLveupp15Lsq2u9ewZIksJJFg\\nK4KU7mScpZ1p/62wSRp6JgmyrEOmmKxoUWhK2VWFvDv2pF1ZChjm7ZqVTrIYu9JSF+YAlj\\n8GjRcpM15rwweOaKeqWc6X10afzLESsFdko5LmTfA1EgPXvS6iIiaftpOuV2xZcF+2oBGH\\nK6S43RXZXINjUzUj6YzK87xX7j0QSuKIftJYIeGNe6Qeaatvj+cdNP6JyBmn+vtFeTD3lf\\nJFeClMIPhzNoNXXjF8FX0Lp3VTg13vjblf+THZ81u2ecgaStOrgvXImjB9wNUEOgkLtsRl\\ncAAAdY2RXU1dkV1NUAAAAHc3NoLXJzYQAAAgEAzMWcmzlrj3UiLQeGHkW21/L4ggK8ReBa\\nr03BnTfGsqPZGwx9rK+V/PuWNIF3SN5I09pDcppRE8s9xd2ShNyu3rAFapDT2Yl1cWv3K5\\nB8mwlxTs9K+WxZfgdvWVqAJZHEdOnTU1KBpJKxjL5k5K+i/ZUaM3FSghdAHWVwveYuph/0\\nOuHmt4wuYcNskEdt+Kur6WkqljnQHEgwRojuRwDxlX+m+UBWt7Lu0A4AAPSeepuf2SRRyZ\\nAp2gf6im6t0NCz8FMg8vwDiWnvfQHwpYINLzEC+1Quug1K8daLiz0t8fGypBhs6AkpHrBf\\nw7Bx44Iuy9jQWyVxkPUF1qjEF29nLBvDhrURF1tFesZNwyJJTwceYqB41/ZCMq/LMhLveu\\npp15Lsq2u9ewZIksJJFgK4KU7mScpZ1p/62wSRp6JgmyrEOmmKxoUWhK2VWFvDv2pF1ZCh\\njm7ZqVTrIYu9JSF+YAlj8GjRcpM15rwweOaKeqWc6X10afzLESsFdko5LmTfA1EgPXvS6i\\nIiaftpOuV2xZcF+2oBGHK6S43RXZXINjUzUj6YzK87xX7j0QSuKIftJYIeGNe6Qeaatvj+\\ncdNP6JyBmn+vtFeTD3lfJFeClMIPhzNoNXXjF8FX0Lp3VTg13vjblf+THZ81u2ecgaStOr\\ngvXImjB9wNUEOgkLtsRlcAAAADAQABAAACACJQQuvn9VQ2xqFRD3JnMDqDpozytGXpMIkL\\nuJQF0rAAsNLNhwm26qVX61WlFD4LsZx+iKrdnRR6DEHp3TGSYWNDj8TJvBZJ6Ho3I1YTgi\\n3gqTIRnnipZV2vFUOd3Ldu88K7pAPkYYEYa9Qv22xO2jswDxHrvW27Q60pYHkR52NDG4P6\\nctTzEpqjSr/qmE0BR293hgFicrMqjZxkObmAOPtaRrqhw2ZI/6exkOKYGy5kgaa7ZVEnbT\\nvx9lPYNBw3vM9avry46kbOj6kc+Bxj7J2p0twWwTXAIHzh/MQ6Xkaav9qrlSRU1KUl3QZH\\nvO3o1Lqn/FIpthwaUv4jjah3rIv012VUgZXhbbB1+FjsM28P4fFNj8nSVhd46xVzR+5G3d\\noH2PJlQo+5cXxD++k35f6DWUQWyddM+xq2G3VVheeAo/oA54gVd0tUgwj0jNIYjYlRRQ11\\nBmwaq/y3Bq+zX94SjvxXW2mnl0h5LiZZWKZIUgk/f+QhYaYpsoUyEgICxvueR50Ff7c4+7\\nqR5xqCYZqrdVklH3/eNqfpfAv12UP3khr6Do54MaFkV6uNBRLSIZ72xEflsqFpOpZ3Np4i\\nRJvXcS9i0vNIZ6t6mlsIdtlR9PBDDHh29YJhWa9h5iCwgK+Ci1KKyEN9NhZBKtLL4hGZ3L\\nLGo6qgfQBZg+6Mu5lxAAABAQDZhIlrr4hn5UDMCsajeu46kPQp+waEH2tS9Mb/lcVnQboc\\n7XgIpcFm4pIEKuECw4NrZ27qUJyhKUdc5zqoDGBFyCILcFbcvMQE6ylisKDMpjZGgo6fdD\\nynAe1DrnH13aRaoogDZl0cUf5jtLyTy7p+5K4ywuZA2m4ENwp5tw0Id6okOmJAmMDdMSSM\\nJEmP/r+nxUuD3EqVasdgs1eygDj2sJQZQbYYKwO97kv6LIbnJ7zOU1Zaz/b39cHtKY8JvE\\nIPWpPQRL3AuxUwlk/VzyUf1GxbcUBbgTNjkQtYSYBchn/h1Zr1bxiNk6Tq2LSx4r+NpH8s\\nBvYTz1SgDJrD84xFAAABAQDuVQsrgKLqJrALre/rMQ5E6a1Tn9Bpf7A6JdImmgeEk49/qF\\nPaRhUzMuFLqOnMv9wvDmUm07WvqYBLWamlDdWfSE9crU+CQh+pjhwDnfoqtc7LyTUUvH8l\\nmEhEJrTAyERJgy6+PhKtYxkBx2Q0866+n0ubIhji//uHzdfb/gY3XwIDE2cu5XzyMI2vCy\\ns05a2vg0KZkEUpHx/Areb2UT5efxyIuJSgqr7nN2TUrRcrXDHYj/pah42wmYAm143GTcIf\\nNbrKFs7NMHM7AXpd9Pl7kyK/ajC3ebu37MMa+BxUloLlVFt6JRUEa331ZmfgIlxAnrGP9R\\n3MkoxQK3PYM4zLAAABAQDb861I+MkJZZzoY1X59x9A5n7zZt4ByEuP7X1tHhMPBjwB2rEH\\n0RM18PZKGQjsL6G2KDBZ6OsGXEVjngN30P/bIEqaswQcoEC/oCre76yZmQcHpTwSXam3aQ\\n4UFaccO+z6XRNi4I5/ACpC83cTzDvRiYnk5+NS0Rv+TNuJtbk/DaH7COP7Op2EioKzLQ1e\\n4gEU34ghUH5Ngpk4Iuq2p12kHh8kSXqFothMNvwjrnUygMuO/5S46IC+a4TS32NmmRvntb\\nuH2n2urmuEfSRiaIArWJTwpEhzrXFSqM9YmMHZYVo6t7yL/BVwGChMGKL1hZDvy60WtuH9\\nxZ7T+zIJ0iclAAAAIkVQQU0rTWFrc3ltX0hvcmRpZW5rb0BFUFVBS1lJVzA0REY=\\n-----END OPENSSH PRIVATE KEY-----'\",\"public\":\"ssh-rsa AAAAB3NzaC1yc2EAAAADAQABAAACAQDMxZybOWuPdSItB4YeRbbX8viCArxF4FqvTcGdN8ayo9kbDH2sr5X8+5Y0gXdI3kjT2kNymlETyz3F3ZKE3K7esAVqkNPZiXVxa/crkHybCXFOz0r5bFl+B29ZWoAlkcR06dNTUoGkkrGMvmTkr6L9lRozcVKCF0AdZXC95i6mH/Q64ea3jC5hw2yQR234q6vpaSqWOdAcSDBGiO5HAPGVf6b5QFa3su7QDgAA9J56m5/ZJFHJkCnaB/qKbq3Q0LPwUyDy/AOJae99AfClgg0vMQL7VC66DUrx1ouLPS3x8bKkGGzoCSkesF/DsHHjgi7L2NBbJXGQ9QXWqMQXb2csG8OGtREXW0V6xk3DIklPBx5ioHjX9kIyr8syEu966mnXkuyra717BkiSwkkWArgpTuZJylnWn/rbBJGnomCbKsQ6aYrGhRaErZVYW8O/akXVkKGObtmpVOshi70lIX5gCWPwaNFykzXmvDB45op6pZzpfXRp/MsRKwV2SjkuZN8DUSA9e9LqIiJp+2k65XbFlwX7agEYcrpLjdFdlcg2NTNSPpjMrzvFfuPRBK4oh+0lgh4Y17pB5pq2+P5x00/onIGaf6+0V5MPeV8kV4KUwg+HM2g1deMXwVfQundVODXe+NuV/5MdnzW7Z5yBpK06uC9ciaMH3A1QQ6CQu2xGVw== EPAM+Maksym_Hordienko@EPUAKYIW04DF\"}",
            "version_id": "BBC3C926-43CA-4712-AE39-09DED0F1C1A6",
            "version_stages": [
              "AWSCURRENT"
            ]
          },
          "sensitive_attributes": [],
          "private": "bnVsbA==",
          "dependencies": [
            "aws_secretsmanager_secret.jenkins333"
          ]
        }
      ]
    },
    {
      "mode": "managed",
      "type": "aws_security_group",
      "name": "allow-all-outbound",
      "provider": "provider[\"registry.terraform.io/hashicorp/aws\"]",
      "instances": [
        {
          "schema_version": 1,
          "attributes": {
            "arn": "arn:aws:ec2:us-east-1:812716212234:security-group/sg-052cfc3f9b3d41431",
            "description": "Allow all outbound traffic",
            "egress": [
              {
                "cidr_blocks": [
                  "0.0.0.0/0"
                ],
                "description": "Outbound traffic",
                "from_port": 0,
                "ipv6_cidr_blocks": [],
                "prefix_list_ids": [],
                "protocol": "-1",
                "security_groups": [],
                "self": false,
                "to_port": 0
              }
            ],
            "id": "sg-052cfc3f9b3d41431",
            "ingress": [],
            "name": "allow-all-outbound",
            "name_prefix": "",
            "owner_id": "812716212234",
            "revoke_rules_on_delete": false,
            "tags": null,
            "tags_all": {},
            "timeouts": null,
            "vpc_id": "vpc-0587b4e11577d91f4"
          },
          "sensitive_attributes": [],
          "private": "eyJlMmJmYjczMC1lY2FhLTExZTYtOGY4OC0zNDM2M2JjN2M0YzAiOnsiY3JlYXRlIjo2MDAwMDAwMDAwMDAsImRlbGV0ZSI6OTAwMDAwMDAwMDAwfSwic2NoZW1hX3ZlcnNpb24iOiIxIn0=",
          "dependencies": [
            "aws_vpc.nginx-web-server"
          ]
        }
      ]
    },
    {
      "mode": "managed",
      "type": "aws_security_group",
      "name": "allow-jenkins-traffic",
      "provider": "provider[\"registry.terraform.io/hashicorp/aws\"]",
      "instances": [
        {
          "schema_version": 1,
          "attributes": {
            "arn": "arn:aws:ec2:us-east-1:812716212234:security-group/sg-07261fb6260699de5",
            "description": "Allow jenkins inbound traffic",
            "egress": [],
            "id": "sg-07261fb6260699de5",
            "ingress": [
              {
                "cidr_blocks": [
                  "0.0.0.0/0"
                ],
                "description": "Jenkins",
                "from_port": 8080,
                "ipv6_cidr_blocks": [],
                "prefix_list_ids": [],
                "protocol": "tcp",
                "security_groups": [],
                "self": false,
                "to_port": 8080
              }
            ],
            "name": "allow-jenkins-traffic",
            "name_prefix": "",
            "owner_id": "812716212234",
            "revoke_rules_on_delete": false,
            "tags": null,
            "tags_all": {},
            "timeouts": null,
            "vpc_id": "vpc-0587b4e11577d91f4"
          },
          "sensitive_attributes": [],
          "private": "eyJlMmJmYjczMC1lY2FhLTExZTYtOGY4OC0zNDM2M2JjN2M0YzAiOnsiY3JlYXRlIjo2MDAwMDAwMDAwMDAsImRlbGV0ZSI6OTAwMDAwMDAwMDAwfSwic2NoZW1hX3ZlcnNpb24iOiIxIn0=",
          "dependencies": [
            "aws_vpc.nginx-web-server"
          ]
        }
      ]
    },
    {
      "mode": "managed",
      "type": "aws_security_group",
      "name": "allow-ssh-traffic",
      "provider": "provider[\"registry.terraform.io/hashicorp/aws\"]",
      "instances": [
        {
          "schema_version": 1,
          "attributes": {
            "arn": "arn:aws:ec2:us-east-1:812716212234:security-group/sg-0adde6486fa3ddb08",
            "description": "Allow SSH inbound traffic",
            "egress": [],
            "id": "sg-0adde6486fa3ddb08",
            "ingress": [
              {
                "cidr_blocks": [
                  "0.0.0.0/0"
                ],
                "description": "SSH",
                "from_port": 22,
                "ipv6_cidr_blocks": [],
                "prefix_list_ids": [],
                "protocol": "tcp",
                "security_groups": [],
                "self": false,
                "to_port": 22
              }
            ],
            "name": "allow-ssh-traffic",
            "name_prefix": "",
            "owner_id": "812716212234",
            "revoke_rules_on_delete": false,
            "tags": null,
            "tags_all": {},
            "timeouts": null,
            "vpc_id": "vpc-0587b4e11577d91f4"
          },
          "sensitive_attributes": [],
          "private": "eyJlMmJmYjczMC1lY2FhLTExZTYtOGY4OC0zNDM2M2JjN2M0YzAiOnsiY3JlYXRlIjo2MDAwMDAwMDAwMDAsImRlbGV0ZSI6OTAwMDAwMDAwMDAwfSwic2NoZW1hX3ZlcnNpb24iOiIxIn0=",
          "dependencies": [
            "aws_vpc.nginx-web-server"
          ]
        }
      ]
    },
    {
      "mode": "managed",
      "type": "aws_security_group",
      "name": "allow-web-traffic",
      "provider": "provider[\"registry.terraform.io/hashicorp/aws\"]",
      "instances": [
        {
          "schema_version": 1,
          "attributes": {
            "arn": "arn:aws:ec2:us-east-1:812716212234:security-group/sg-095d4785c33f71872",
            "description": "Allow HTTP / HTTPS inbound traffic",
            "egress": [],
            "id": "sg-095d4785c33f71872",
            "ingress": [
              {
                "cidr_blocks": [
                  "0.0.0.0/0"
                ],
                "description": "HTTP",
                "from_port": 80,
                "ipv6_cidr_blocks": [],
                "prefix_list_ids": [],
                "protocol": "tcp",
                "security_groups": [],
                "self": false,
                "to_port": 80
              },
              {
                "cidr_blocks": [
                  "0.0.0.0/0"
                ],
                "description": "HTTPS",
                "from_port": 443,
                "ipv6_cidr_blocks": [],
                "prefix_list_ids": [],
                "protocol": "tcp",
                "security_groups": [],
                "self": false,
                "to_port": 443
              }
            ],
            "name": "allow-web-traffic",
            "name_prefix": "",
            "owner_id": "812716212234",
            "revoke_rules_on_delete": false,
            "tags": null,
            "tags_all": {},
            "timeouts": null,
            "vpc_id": "vpc-0587b4e11577d91f4"
          },
          "sensitive_attributes": [],
          "private": "eyJlMmJmYjczMC1lY2FhLTExZTYtOGY4OC0zNDM2M2JjN2M0YzAiOnsiY3JlYXRlIjo2MDAwMDAwMDAwMDAsImRlbGV0ZSI6OTAwMDAwMDAwMDAwfSwic2NoZW1hX3ZlcnNpb24iOiIxIn0=",
          "dependencies": [
            "aws_vpc.nginx-web-server"
          ]
        }
      ]
    },
    {
      "mode": "managed",
      "type": "aws_subnet",
      "name": "subnet-public-jenkins",
      "provider": "provider[\"registry.terraform.io/hashicorp/aws\"]",
      "instances": [
        {
          "schema_version": 1,
          "attributes": {
            "arn": "arn:aws:ec2:us-east-1:812716212234:subnet/subnet-01f19ad21808e9ee6",
            "assign_ipv6_address_on_creation": false,
            "availability_zone": "us-east-1a",
            "availability_zone_id": "use1-az6",
            "cidr_block": "10.0.1.0/24",
            "customer_owned_ipv4_pool": "",
            "enable_dns64": false,
            "enable_resource_name_dns_a_record_on_launch": false,
            "enable_resource_name_dns_aaaa_record_on_launch": false,
            "id": "subnet-01f19ad21808e9ee6",
            "ipv6_cidr_block": "",
            "ipv6_cidr_block_association_id": "",
            "ipv6_native": false,
            "map_customer_owned_ip_on_launch": false,
            "map_public_ip_on_launch": false,
            "outpost_arn": "",
            "owner_id": "812716212234",
            "private_dns_hostname_type_on_launch": "ip-name",
            "tags": {
              "Name": "Jenkins Subnet"
            },
            "tags_all": {
              "Name": "Jenkins Subnet"
            },
            "timeouts": null,
            "vpc_id": "vpc-0587b4e11577d91f4"
          },
          "sensitive_attributes": [],
          "private": "eyJlMmJmYjczMC1lY2FhLTExZTYtOGY4OC0zNDM2M2JjN2M0YzAiOnsiY3JlYXRlIjo2MDAwMDAwMDAwMDAsImRlbGV0ZSI6MTIwMDAwMDAwMDAwMH0sInNjaGVtYV92ZXJzaW9uIjoiMSJ9",
          "dependencies": [
            "aws_vpc.nginx-web-server"
          ]
        }
      ]
    },
    {
      "mode": "managed",
      "type": "aws_subnet",
      "name": "subnet-public-nginx",
      "provider": "provider[\"registry.terraform.io/hashicorp/aws\"]",
      "instances": [
        {
          "schema_version": 1,
          "attributes": {
            "arn": "arn:aws:ec2:us-east-1:812716212234:subnet/subnet-0833bceb7284ab910",
            "assign_ipv6_address_on_creation": false,
            "availability_zone": "us-east-1a",
            "availability_zone_id": "use1-az6",
            "cidr_block": "10.0.3.0/24",
            "customer_owned_ipv4_pool": "",
            "enable_dns64": false,
            "enable_resource_name_dns_a_record_on_launch": false,
            "enable_resource_name_dns_aaaa_record_on_launch": false,
            "id": "subnet-0833bceb7284ab910",
            "ipv6_cidr_block": "",
            "ipv6_cidr_block_association_id": "",
            "ipv6_native": false,
            "map_customer_owned_ip_on_launch": false,
            "map_public_ip_on_launch": false,
            "outpost_arn": "",
            "owner_id": "812716212234",
            "private_dns_hostname_type_on_launch": "ip-name",
            "tags": {
              "Name": "Nginx Subnet"
            },
            "tags_all": {
              "Name": "Nginx Subnet"
            },
            "timeouts": null,
            "vpc_id": "vpc-0587b4e11577d91f4"
          },
          "sensitive_attributes": [],
          "private": "eyJlMmJmYjczMC1lY2FhLTExZTYtOGY4OC0zNDM2M2JjN2M0YzAiOnsiY3JlYXRlIjo2MDAwMDAwMDAwMDAsImRlbGV0ZSI6MTIwMDAwMDAwMDAwMH0sInNjaGVtYV92ZXJzaW9uIjoiMSJ9",
          "dependencies": [
            "aws_vpc.nginx-web-server"
          ]
        }
      ]
    },
    {
      "mode": "managed",
      "type": "aws_vpc",
      "name": "nginx-web-server",
      "provider": "provider[\"registry.terraform.io/hashicorp/aws\"]",
      "instances": [
        {
          "schema_version": 1,
          "attributes": {
            "arn": "arn:aws:ec2:us-east-1:812716212234:vpc/vpc-0587b4e11577d91f4",
            "assign_generated_ipv6_cidr_block": false,
            "cidr_block": "10.0.0.0/16",
            "default_network_acl_id": "acl-0174e706f90fade12",
            "default_route_table_id": "rtb-041aa2d42dbb05890",
            "default_security_group_id": "sg-058cd1f347967aca8",
            "dhcp_options_id": "dopt-0201f564e5a03046e",
            "enable_classiclink": false,
            "enable_classiclink_dns_support": false,
            "enable_dns_hostnames": true,
            "enable_dns_support": true,
            "id": "vpc-0587b4e11577d91f4",
            "instance_tenancy": "default",
            "ipv4_ipam_pool_id": null,
            "ipv4_netmask_length": null,
            "ipv6_association_id": "",
            "ipv6_cidr_block": "",
            "ipv6_cidr_block_network_border_group": "",
            "ipv6_ipam_pool_id": "",
            "ipv6_netmask_length": 0,
            "main_route_table_id": "rtb-041aa2d42dbb05890",
            "owner_id": "812716212234",
            "tags": {
              "Name": "Nginx WebServer VPC"
            },
            "tags_all": {
              "Name": "Nginx WebServer VPC"
            }
          },
          "sensitive_attributes": [],
          "private": "eyJzY2hlbWFfdmVyc2lvbiI6IjEifQ=="
        }
      ]
    },
    {
      "mode": "managed",
      "type": "random_id",
      "name": "job-id",
      "provider": "provider[\"registry.terraform.io/hashicorp/random\"]",
      "instances": [
        {
          "schema_version": 0,
          "attributes": {
            "b64_std": "uq1m9QMvEAenS288Y+14YA==",
            "b64_url": "uq1m9QMvEAenS288Y-14YA",
            "byte_length": 16,
            "dec": "248136762790185616247021550455426480224",
            "hex": "baad66f5032f1007a74b6f3c63ed7860",
            "id": "uq1m9QMvEAenS288Y-14YA",
            "keepers": null,
            "prefix": null
          },
          "sensitive_attributes": [],
          "private": "bnVsbA=="
        }
      ]
    },
    {
      "module": "module.application-server",
      "mode": "managed",
      "type": "aws_instance",
      "name": "default",
      "provider": "provider[\"registry.terraform.io/hashicorp/aws\"]",
      "instances": [
        {
          "schema_version": 1,
          "attributes": {
            "ami": "ami-0742b4e673072066f",
            "arn": "arn:aws:ec2:us-east-1:812716212234:instance/i-09f5374e1fdad49b1",
            "associate_public_ip_address": true,
            "availability_zone": "us-east-1a",
            "capacity_reservation_specification": [
              {
                "capacity_reservation_preference": "open",
                "capacity_reservation_target": []
              }
            ],
            "cpu_core_count": 1,
            "cpu_threads_per_core": 1,
            "credit_specification": [
              {
                "cpu_credits": "standard"
              }
            ],
            "disable_api_termination": false,
            "ebs_block_device": [],
            "ebs_optimized": false,
            "enclave_options": [
              {
                "enabled": false
              }
            ],
            "ephemeral_block_device": [],
            "get_password_data": false,
            "hibernation": false,
            "host_id": null,
            "iam_instance_profile": "spring-petclinic",
            "id": "i-09f5374e1fdad49b1",
            "instance_initiated_shutdown_behavior": "stop",
            "instance_state": "running",
            "instance_type": "t2.micro",
            "ipv6_address_count": 0,
            "ipv6_addresses": [],
            "key_name": "nginx-webserver",
            "launch_template": [],
            "maintenance_options": [
              {
                "auto_recovery": "default"
              }
            ],
            "metadata_options": [
              {
                "http_endpoint": "enabled",
                "http_put_response_hop_limit": 1,
                "http_tokens": "optional",
                "instance_metadata_tags": "disabled"
              }
            ],
            "monitoring": false,
            "network_interface": [
              {
                "delete_on_termination": false,
                "device_index": 0,
                "network_card_index": 0,
                "network_interface_id": "eni-048b5ac5e10ea76ff"
              }
            ],
            "outpost_arn": "",
            "password_data": "",
            "placement_group": "",
            "placement_partition_number": null,
            "primary_network_interface_id": "eni-048b5ac5e10ea76ff",
            "private_dns": "ip-10-0-3-50.ec2.internal",
            "private_ip": "10.0.3.50",
            "public_dns": "ec2-34-206-253-113.compute-1.amazonaws.com",
            "public_ip": "34.206.253.113",
            "root_block_device": [
              {
                "delete_on_termination": true,
                "device_name": "/dev/xvda",
                "encrypted": false,
                "iops": 100,
                "kms_key_id": "",
                "tags": {},
                "throughput": 0,
                "volume_id": "vol-03b0ea5bb01bdaa82",
                "volume_size": 8,
                "volume_type": "gp2"
              }
            ],
            "secondary_private_ips": [],
            "security_groups": [],
            "source_dest_check": true,
            "subnet_id": "subnet-0833bceb7284ab910",
            "tags": {
              "Name": "Nginx Webserver"
            },
            "tags_all": {
              "Name": "Nginx Webserver"
            },
            "tenancy": "default",
            "timeouts": null,
            "user_data": "c2efe08ad750c8b922ba402ab2b3159df3bf6bb0",
            "user_data_base64": null,
            "user_data_replace_on_change": false,
            "volume_tags": null,
            "vpc_security_group_ids": [
              "sg-052cfc3f9b3d41431",
              "sg-095d4785c33f71872",
              "sg-0adde6486fa3ddb08"
            ]
          },
          "sensitive_attributes": [],
          "private": "eyJlMmJmYjczMC1lY2FhLTExZTYtOGY4OC0zNDM2M2JjN2M0YzAiOnsiY3JlYXRlIjo2MDAwMDAwMDAwMDAsImRlbGV0ZSI6MTIwMDAwMDAwMDAwMCwidXBkYXRlIjo2MDAwMDAwMDAwMDB9LCJzY2hlbWFfdmVyc2lvbiI6IjEifQ==",
          "dependencies": [
            "aws_iam_instance_profile.nginx-webserver",
            "aws_iam_policy.ecr-access",
            "aws_iam_role.nginx-webserver",
            "aws_key_pair.nginx-webserver-key",
            "aws_network_interface.nginx-web-server",
            "aws_security_group.allow-all-outbound",
            "aws_security_group.allow-ssh-traffic",
            "aws_security_group.allow-web-traffic",
            "aws_subnet.subnet-public-nginx",
            "aws_vpc.nginx-web-server"
          ]
        }
      ]
    },
    {
      "module": "module.jenkins",
      "mode": "managed",
      "type": "aws_instance",
      "name": "default",
      "provider": "provider[\"registry.terraform.io/hashicorp/aws\"]",
      "instances": [
        {
          "schema_version": 1,
          "attributes": {
            "ami": "ami-0742b4e673072066f",
            "arn": "arn:aws:ec2:us-east-1:812716212234:instance/i-0b0f7fe64d5d3e65f",
            "associate_public_ip_address": true,
            "availability_zone": "us-east-1a",
            "capacity_reservation_specification": [
              {
                "capacity_reservation_preference": "open",
                "capacity_reservation_target": []
              }
            ],
            "cpu_core_count": 1,
            "cpu_threads_per_core": 1,
            "credit_specification": [
              {
                "cpu_credits": "standard"
              }
            ],
            "disable_api_termination": false,
            "ebs_block_device": [],
            "ebs_optimized": false,
            "enclave_options": [
              {
                "enabled": false
              }
            ],
            "ephemeral_block_device": [],
            "get_password_data": false,
            "hibernation": false,
            "host_id": null,
            "iam_instance_profile": "jenkins",
            "id": "i-0b0f7fe64d5d3e65f",
            "instance_initiated_shutdown_behavior": "stop",
            "instance_state": "running",
            "instance_type": "t2.micro",
            "ipv6_address_count": 0,
            "ipv6_addresses": [],
            "key_name": "jenkins",
            "launch_template": [],
            "maintenance_options": [
              {
                "auto_recovery": "default"
              }
            ],
            "metadata_options": [
              {
                "http_endpoint": "enabled",
                "http_put_response_hop_limit": 1,
                "http_tokens": "optional",
                "instance_metadata_tags": "disabled"
              }
            ],
            "monitoring": false,
            "network_interface": [
              {
                "delete_on_termination": false,
                "device_index": 0,
                "network_card_index": 0,
                "network_interface_id": "eni-0d405edcf189849ca"
              }
            ],
            "outpost_arn": "",
            "password_data": "",
            "placement_group": "",
            "placement_partition_number": null,
            "primary_network_interface_id": "eni-0d405edcf189849ca",
            "private_dns": "ip-10-0-1-50.ec2.internal",
            "private_ip": "10.0.1.50",
            "public_dns": "ec2-54-205-95-133.compute-1.amazonaws.com",
            "public_ip": "54.205.95.133",
            "root_block_device": [
              {
                "delete_on_termination": true,
                "device_name": "/dev/xvda",
                "encrypted": false,
                "iops": 100,
                "kms_key_id": "",
                "tags": {},
                "throughput": 0,
                "volume_id": "vol-0c53ea29225362bd3",
                "volume_size": 8,
                "volume_type": "gp2"
              }
            ],
            "secondary_private_ips": [],
            "security_groups": [],
            "source_dest_check": true,
            "subnet_id": "subnet-01f19ad21808e9ee6",
            "tags": {
              "Name": "Jenkins"
            },
            "tags_all": {
              "Name": "Jenkins"
            },
            "tenancy": "default",
            "timeouts": null,
            "user_data": "5cca392f9bcfad94712dcaa6ff774356b4615436",
            "user_data_base64": null,
            "user_data_replace_on_change": false,
            "volume_tags": null,
            "vpc_security_group_ids": [
              "sg-052cfc3f9b3d41431",
              "sg-07261fb6260699de5",
              "sg-0adde6486fa3ddb08"
            ]
          },
          "sensitive_attributes": [],
          "private": "eyJlMmJmYjczMC1lY2FhLTExZTYtOGY4OC0zNDM2M2JjN2M0YzAiOnsiY3JlYXRlIjo2MDAwMDAwMDAwMDAsImRlbGV0ZSI6MTIwMDAwMDAwMDAwMCwidXBkYXRlIjo2MDAwMDAwMDAwMDB9LCJzY2hlbWFfdmVyc2lvbiI6IjEifQ==",
          "dependencies": [
            "aws_iam_instance_profile.jenkins",
            "aws_iam_policy.ec2-access",
            "aws_iam_policy.ecr-access",
            "aws_iam_policy.s3-access",
            "aws_iam_policy.secrets-access",
            "aws_iam_role.jenkins",
            "aws_key_pair.jenkins-key",
            "aws_network_interface.jenkins",
            "aws_security_group.allow-all-outbound",
            "aws_security_group.allow-jenkins-traffic",
            "aws_security_group.allow-ssh-traffic",
            "aws_subnet.subnet-public-jenkins",
            "aws_vpc.nginx-web-server"
          ]
        }
      ]
    }
  ]
}
